<?xml version="1.0" encoding="utf-8"?>
<Project ToolsVersion="17.0" xmlns="http://schemas.microsoft.com/developer/msbuild/2003">
  <ItemGroup>
    <ClCompile Include="D:\academic\2022-2023 semester\graphing\task1\code\Camera.cpp">
      <Filter>Source Files</Filter>
    </ClCompile>
    <ClCompile Include="D:\academic\2022-2023 semester\graphing\task1\code\InitShader.cpp">
      <Filter>Source Files</Filter>
    </ClCompile>
    <ClCompile Include="D:\academic\2022-2023 semester\graphing\task1\code\TriMesh.cpp">
      <Filter>Source Files</Filter>
    </ClCompile>
    <ClCompile Include="D:\academic\2022-2023 semester\graphing\task1\code\glad.c">
      <Filter>Source Files</Filter>
    </ClCompile>
    <ClCompile Include="D:\academic\2022-2023 semester\graphing\task1\code\main.cpp">
      <Filter>Source Files</Filter>
    </ClCompile>
  </ItemGroup>
  <ItemGroup>
    <CustomBuild Include="D:\academic\2022-2023 semester\graphing\task1\code\CMakeLists.txt" />
  </ItemGroup>
  <ItemGroup>
    <Filter Include="Source Files">
      <UniqueIdentifier>{CE8E1BA9-BCD0-3BDB-BA85-3CDD170FFDFD}</UniqueIdentifier>
    </Filter>
  </ItemGroup>
</Project>
